
Microsoft Visual Studio Solution File, Format Version 12.00
# Visual Studio Version 17
VisualStudioVersion = 17.0.31903.59
MinimumVisualStudioVersion = 10.0.40219.1
Project("{2150E333-8FDC-42A3-9474-1A3956D46DE8}") = "src", "src", "{827E0CD3-B72D-47B6-A68D-7590B98EB39B}"
EndProject
Project("{FAE04EC0-301F-11D3-BF4B-00C04F79EFBC}") = "CoffeeTalk.Domain", "src\CoffeeTalk.Domain\CoffeeTalk.Domain.csproj", "{A3942335-323C-4A55-83C2-78D1D634C9BD}"
EndProject
Project("{FAE04EC0-301F-11D3-BF4B-00C04F79EFBC}") = "CoffeeTalk.Domain.Tests", "tests\CoffeeTalk.Domain.Tests\CoffeeTalk.Domain.Tests.csproj", "{DDCA0249-5B69-4C56-94CA-B4A43FD6F5A0}"
EndProject
Project("{FAE04EC0-301F-11D3-BF4B-00C04F79EFBC}") = "CoffeeTalk.ServiceDefaults", "src\CoffeeTalk.ServiceDefaults\CoffeeTalk.ServiceDefaults.csproj", "{9725F025-D36E-4C0F-8533-92DFB7DB2102}"
EndProject
Project("{FAE04EC0-301F-11D3-BF4B-00C04F79EFBC}") = "CoffeeTalk.AppHost", "src\CoffeeTalk.AppHost\CoffeeTalk.AppHost.csproj", "{C47D5CBC-0182-4FED-BDCE-908CCE5100E6}"
EndProject
Project("{FAE04EC0-301F-11D3-BF4B-00C04F79EFBC}") = "CoffeeTalk.Infrastructure", "src\CoffeeTalk.Infrastructure\CoffeeTalk.Infrastructure.csproj", "{C8AB51EA-1757-4DAF-ABDD-C49BF8A52B0F}"
EndProject
Project("{FAE04EC0-301F-11D3-BF4B-00C04F79EFBC}") = "CoffeeTalk.Migrations", "src\CoffeeTalk.Migrations\CoffeeTalk.Migrations.csproj", "{1D7E47A2-1AE0-4401-BB93-C7046C163828}"
EndProject
Project("{FAE04EC0-301F-11D3-BF4B-00C04F79EFBC}") = "CoffeeTalk.Api", "src\CoffeeTalk.Api\CoffeeTalk.Api.csproj", "{6FDA2E66-97A3-40A8-A432-5CCBDDF86AAD}"
EndProject
Project("{FAE04EC0-301F-11D3-BF4B-00C04F79EFBC}") = "CoffeeTalk.Infrastructure.Tests", "tests\CoffeeTalk.Infrastructure.Tests\CoffeeTalk.Infrastructure.Tests.csproj", "{7E107B96-65B5-44C9-9C86-0F6B61E5E89E}"
EndProject
Project("{2150E333-8FDC-42A3-9474-1A3956D46DE8}") = "tests", "tests", "{0AB3BF05-4346-4AA6-1389-037BE0695223}"
EndProject
Project("{FAE04EC0-301F-11D3-BF4B-00C04F79EFBC}") = "CoffeeTalk.Api.Tests", "tests\CoffeeTalk.Api.Tests\CoffeeTalk.Api.Tests.csproj", "{6D6FCD57-6F5D-44F5-8920-0FB861D97E5C}"
EndProject
Global
	GlobalSection(SolutionConfigurationPlatforms) = preSolution
		Debug|Any CPU = Debug|Any CPU
		Debug|x64 = Debug|x64
		Debug|x86 = Debug|x86
		Release|Any CPU = Release|Any CPU
		Release|x64 = Release|x64
		Release|x86 = Release|x86
	EndGlobalSection
	GlobalSection(ProjectConfigurationPlatforms) = postSolution
		{A3942335-323C-4A55-83C2-78D1D634C9BD}.Debug|Any CPU.ActiveCfg = Debug|Any CPU
		{A3942335-323C-4A55-83C2-78D1D634C9BD}.Debug|Any CPU.Build.0 = Debug|Any CPU
		{A3942335-323C-4A55-83C2-78D1D634C9BD}.Debug|x64.ActiveCfg = Debug|Any CPU
		{A3942335-323C-4A55-83C2-78D1D634C9BD}.Debug|x64.Build.0 = Debug|Any CPU
		{A3942335-323C-4A55-83C2-78D1D634C9BD}.Debug|x86.ActiveCfg = Debug|Any CPU
		{A3942335-323C-4A55-83C2-78D1D634C9BD}.Debug|x86.Build.0 = Debug|Any CPU
		{A3942335-323C-4A55-83C2-78D1D634C9BD}.Release|Any CPU.ActiveCfg = Release|Any CPU
		{A3942335-323C-4A55-83C2-78D1D634C9BD}.Release|Any CPU.Build.0 = Release|Any CPU
		{A3942335-323C-4A55-83C2-78D1D634C9BD}.Release|x64.ActiveCfg = Release|Any CPU
		{A3942335-323C-4A55-83C2-78D1D634C9BD}.Release|x64.Build.0 = Release|Any CPU
		{A3942335-323C-4A55-83C2-78D1D634C9BD}.Release|x86.ActiveCfg = Release|Any CPU
		{A3942335-323C-4A55-83C2-78D1D634C9BD}.Release|x86.Build.0 = Release|Any CPU
		{DDCA0249-5B69-4C56-94CA-B4A43FD6F5A0}.Debug|Any CPU.ActiveCfg = Debug|Any CPU
		{DDCA0249-5B69-4C56-94CA-B4A43FD6F5A0}.Debug|Any CPU.Build.0 = Debug|Any CPU
		{DDCA0249-5B69-4C56-94CA-B4A43FD6F5A0}.Debug|x64.ActiveCfg = Debug|Any CPU
		{DDCA0249-5B69-4C56-94CA-B4A43FD6F5A0}.Debug|x64.Build.0 = Debug|Any CPU
		{DDCA0249-5B69-4C56-94CA-B4A43FD6F5A0}.Debug|x86.ActiveCfg = Debug|Any CPU
		{DDCA0249-5B69-4C56-94CA-B4A43FD6F5A0}.Debug|x86.Build.0 = Debug|Any CPU
		{DDCA0249-5B69-4C56-94CA-B4A43FD6F5A0}.Release|Any CPU.ActiveCfg = Release|Any CPU
		{DDCA0249-5B69-4C56-94CA-B4A43FD6F5A0}.Release|Any CPU.Build.0 = Release|Any CPU
		{DDCA0249-5B69-4C56-94CA-B4A43FD6F5A0}.Release|x64.ActiveCfg = Release|Any CPU
		{DDCA0249-5B69-4C56-94CA-B4A43FD6F5A0}.Release|x64.Build.0 = Release|Any CPU
		{DDCA0249-5B69-4C56-94CA-B4A43FD6F5A0}.Release|x86.ActiveCfg = Release|Any CPU
		{DDCA0249-5B69-4C56-94CA-B4A43FD6F5A0}.Release|x86.Build.0 = Release|Any CPU
		{9725F025-D36E-4C0F-8533-92DFB7DB2102}.Debug|Any CPU.ActiveCfg = Debug|Any CPU
		{9725F025-D36E-4C0F-8533-92DFB7DB2102}.Debug|Any CPU.Build.0 = Debug|Any CPU
		{9725F025-D36E-4C0F-8533-92DFB7DB2102}.Debug|x64.ActiveCfg = Debug|Any CPU
		{9725F025-D36E-4C0F-8533-92DFB7DB2102}.Debug|x64.Build.0 = Debug|Any CPU
		{9725F025-D36E-4C0F-8533-92DFB7DB2102}.Debug|x86.ActiveCfg = Debug|Any CPU
		{9725F025-D36E-4C0F-8533-92DFB7DB2102}.Debug|x86.Build.0 = Debug|Any CPU
		{9725F025-D36E-4C0F-8533-92DFB7DB2102}.Release|Any CPU.ActiveCfg = Release|Any CPU
		{9725F025-D36E-4C0F-8533-92DFB7DB2102}.Release|Any CPU.Build.0 = Release|Any CPU
		{9725F025-D36E-4C0F-8533-92DFB7DB2102}.Release|x64.ActiveCfg = Release|Any CPU
		{9725F025-D36E-4C0F-8533-92DFB7DB2102}.Release|x64.Build.0 = Release|Any CPU
		{9725F025-D36E-4C0F-8533-92DFB7DB2102}.Release|x86.ActiveCfg = Release|Any CPU
		{9725F025-D36E-4C0F-8533-92DFB7DB2102}.Release|x86.Build.0 = Release|Any CPU
		{C47D5CBC-0182-4FED-BDCE-908CCE5100E6}.Debug|Any CPU.ActiveCfg = Debug|Any CPU
		{C47D5CBC-0182-4FED-BDCE-908CCE5100E6}.Debug|Any CPU.Build.0 = Debug|Any CPU
		{C47D5CBC-0182-4FED-BDCE-908CCE5100E6}.Debug|x64.ActiveCfg = Debug|Any CPU
		{C47D5CBC-0182-4FED-BDCE-908CCE5100E6}.Debug|x64.Build.0 = Debug|Any CPU
		{C47D5CBC-0182-4FED-BDCE-908CCE5100E6}.Debug|x86.ActiveCfg = Debug|Any CPU
		{C47D5CBC-0182-4FED-BDCE-908CCE5100E6}.Debug|x86.Build.0 = Debug|Any CPU
		{C47D5CBC-0182-4FED-BDCE-908CCE5100E6}.Release|Any CPU.ActiveCfg = Release|Any CPU
		{C47D5CBC-0182-4FED-BDCE-908CCE5100E6}.Release|Any CPU.Build.0 = Release|Any CPU
		{C47D5CBC-0182-4FED-BDCE-908CCE5100E6}.Release|x64.ActiveCfg = Release|Any CPU
		{C47D5CBC-0182-4FED-BDCE-908CCE5100E6}.Release|x64.Build.0 = Release|Any CPU
		{C47D5CBC-0182-4FED-BDCE-908CCE5100E6}.Release|x86.ActiveCfg = Release|Any CPU
		{C47D5CBC-0182-4FED-BDCE-908CCE5100E6}.Release|x86.Build.0 = Release|Any CPU
		{C8AB51EA-1757-4DAF-ABDD-C49BF8A52B0F}.Debug|Any CPU.ActiveCfg = Debug|Any CPU
		{C8AB51EA-1757-4DAF-ABDD-C49BF8A52B0F}.Debug|Any CPU.Build.0 = Debug|Any CPU
		{C8AB51EA-1757-4DAF-ABDD-C49BF8A52B0F}.Debug|x64.ActiveCfg = Debug|Any CPU
		{C8AB51EA-1757-4DAF-ABDD-C49BF8A52B0F}.Debug|x64.Build.0 = Debug|Any CPU
		{C8AB51EA-1757-4DAF-ABDD-C49BF8A52B0F}.Debug|x86.ActiveCfg = Debug|Any CPU
		{C8AB51EA-1757-4DAF-ABDD-C49BF8A52B0F}.Debug|x86.Build.0 = Debug|Any CPU
		{C8AB51EA-1757-4DAF-ABDD-C49BF8A52B0F}.Release|Any CPU.ActiveCfg = Release|Any CPU
		{C8AB51EA-1757-4DAF-ABDD-C49BF8A52B0F}.Release|Any CPU.Build.0 = Release|Any CPU
		{C8AB51EA-1757-4DAF-ABDD-C49BF8A52B0F}.Release|x64.ActiveCfg = Release|Any CPU
		{C8AB51EA-1757-4DAF-ABDD-C49BF8A52B0F}.Release|x64.Build.0 = Release|Any CPU
		{C8AB51EA-1757-4DAF-ABDD-C49BF8A52B0F}.Release|x86.ActiveCfg = Release|Any CPU
		{C8AB51EA-1757-4DAF-ABDD-C49BF8A52B0F}.Release|x86.Build.0 = Release|Any CPU
		{1D7E47A2-1AE0-4401-BB93-C7046C163828}.Debug|Any CPU.ActiveCfg = Debug|Any CPU
		{1D7E47A2-1AE0-4401-BB93-C7046C163828}.Debug|Any CPU.Build.0 = Debug|Any CPU
		{1D7E47A2-1AE0-4401-BB93-C7046C163828}.Debug|x64.ActiveCfg = Debug|Any CPU
		{1D7E47A2-1AE0-4401-BB93-C7046C163828}.Debug|x64.Build.0 = Debug|Any CPU
		{1D7E47A2-1AE0-4401-BB93-C7046C163828}.Debug|x86.ActiveCfg = Debug|Any CPU
		{1D7E47A2-1AE0-4401-BB93-C7046C163828}.Debug|x86.Build.0 = Debug|Any CPU
		{1D7E47A2-1AE0-4401-BB93-C7046C163828}.Release|Any CPU.ActiveCfg = Release|Any CPU
		{1D7E47A2-1AE0-4401-BB93-C7046C163828}.Release|Any CPU.Build.0 = Release|Any CPU
		{1D7E47A2-1AE0-4401-BB93-C7046C163828}.Release|x64.ActiveCfg = Release|Any CPU
		{1D7E47A2-1AE0-4401-BB93-C7046C163828}.Release|x64.Build.0 = Release|Any CPU
		{1D7E47A2-1AE0-4401-BB93-C7046C163828}.Release|x86.ActiveCfg = Release|Any CPU
		{1D7E47A2-1AE0-4401-BB93-C7046C163828}.Release|x86.Build.0 = Release|Any CPU
		{6FDA2E66-97A3-40A8-A432-5CCBDDF86AAD}.Debug|Any CPU.ActiveCfg = Debug|Any CPU
		{6FDA2E66-97A3-40A8-A432-5CCBDDF86AAD}.Debug|Any CPU.Build.0 = Debug|Any CPU
		{6FDA2E66-97A3-40A8-A432-5CCBDDF86AAD}.Debug|x64.ActiveCfg = Debug|Any CPU
		{6FDA2E66-97A3-40A8-A432-5CCBDDF86AAD}.Debug|x64.Build.0 = Debug|Any CPU
		{6FDA2E66-97A3-40A8-A432-5CCBDDF86AAD}.Debug|x86.ActiveCfg = Debug|Any CPU
		{6FDA2E66-97A3-40A8-A432-5CCBDDF86AAD}.Debug|x86.Build.0 = Debug|Any CPU
		{6FDA2E66-97A3-40A8-A432-5CCBDDF86AAD}.Release|Any CPU.ActiveCfg = Release|Any CPU
		{6FDA2E66-97A3-40A8-A432-5CCBDDF86AAD}.Release|Any CPU.Build.0 = Release|Any CPU
		{6FDA2E66-97A3-40A8-A432-5CCBDDF86AAD}.Release|x64.ActiveCfg = Release|Any CPU
		{6FDA2E66-97A3-40A8-A432-5CCBDDF86AAD}.Release|x64.Build.0 = Release|Any CPU
		{6FDA2E66-97A3-40A8-A432-5CCBDDF86AAD}.Release|x86.ActiveCfg = Release|Any CPU
		{6FDA2E66-97A3-40A8-A432-5CCBDDF86AAD}.Release|x86.Build.0 = Release|Any CPU
		{7E107B96-65B5-44C9-9C86-0F6B61E5E89E}.Debug|Any CPU.ActiveCfg = Debug|Any CPU
		{7E107B96-65B5-44C9-9C86-0F6B61E5E89E}.Debug|Any CPU.Build.0 = Debug|Any CPU
		{7E107B96-65B5-44C9-9C86-0F6B61E5E89E}.Debug|x64.ActiveCfg = Debug|Any CPU
		{7E107B96-65B5-44C9-9C86-0F6B61E5E89E}.Debug|x64.Build.0 = Debug|Any CPU
		{7E107B96-65B5-44C9-9C86-0F6B61E5E89E}.Debug|x86.ActiveCfg = Debug|Any CPU
		{7E107B96-65B5-44C9-9C86-0F6B61E5E89E}.Debug|x86.Build.0 = Debug|Any CPU
		{7E107B96-65B5-44C9-9C86-0F6B61E5E89E}.Release|Any CPU.ActiveCfg = Release|Any CPU
		{7E107B96-65B5-44C9-9C86-0F6B61E5E89E}.Release|Any CPU.Build.0 = Release|Any CPU
		{7E107B96-65B5-44C9-9C86-0F6B61E5E89E}.Release|x64.ActiveCfg = Release|Any CPU
		{7E107B96-65B5-44C9-9C86-0F6B61E5E89E}.Release|x64.Build.0 = Release|Any CPU
		{7E107B96-65B5-44C9-9C86-0F6B61E5E89E}.Release|x86.ActiveCfg = Release|Any CPU
		{7E107B96-65B5-44C9-9C86-0F6B61E5E89E}.Release|x86.Build.0 = Release|Any CPU
		{6D6FCD57-6F5D-44F5-8920-0FB861D97E5C}.Debug|Any CPU.ActiveCfg = Debug|Any CPU
		{6D6FCD57-6F5D-44F5-8920-0FB861D97E5C}.Debug|Any CPU.Build.0 = Debug|Any CPU
		{6D6FCD57-6F5D-44F5-8920-0FB861D97E5C}.Debug|x64.ActiveCfg = Debug|Any CPU
		{6D6FCD57-6F5D-44F5-8920-0FB861D97E5C}.Debug|x64.Build.0 = Debug|Any CPU
		{6D6FCD57-6F5D-44F5-8920-0FB861D97E5C}.Debug|x86.ActiveCfg = Debug|Any CPU
		{6D6FCD57-6F5D-44F5-8920-0FB861D97E5C}.Debug|x86.Build.0 = Debug|Any CPU
		{6D6FCD57-6F5D-44F5-8920-0FB861D97E5C}.Release|Any CPU.ActiveCfg = Release|Any CPU
		{6D6FCD57-6F5D-44F5-8920-0FB861D97E5C}.Release|Any CPU.Build.0 = Release|Any CPU
		{6D6FCD57-6F5D-44F5-8920-0FB861D97E5C}.Release|x64.ActiveCfg = Release|Any CPU
		{6D6FCD57-6F5D-44F5-8920-0FB861D97E5C}.Release|x64.Build.0 = Release|Any CPU
		{6D6FCD57-6F5D-44F5-8920-0FB861D97E5C}.Release|x86.ActiveCfg = Release|Any CPU
		{6D6FCD57-6F5D-44F5-8920-0FB861D97E5C}.Release|x86.Build.0 = Release|Any CPU
	EndGlobalSection
	GlobalSection(SolutionProperties) = preSolution
		HideSolutionNode = FALSE
	EndGlobalSection
	GlobalSection(NestedProjects) = preSolution
		{A3942335-323C-4A55-83C2-78D1D634C9BD} = {827E0CD3-B72D-47B6-A68D-7590B98EB39B}
		{DDCA0249-5B69-4C56-94CA-B4A43FD6F5A0} = {827E0CD3-B72D-47B6-A68D-7590B98EB39B}
		{9725F025-D36E-4C0F-8533-92DFB7DB2102} = {827E0CD3-B72D-47B6-A68D-7590B98EB39B}
		{C47D5CBC-0182-4FED-BDCE-908CCE5100E6} = {827E0CD3-B72D-47B6-A68D-7590B98EB39B}
		{C8AB51EA-1757-4DAF-ABDD-C49BF8A52B0F} = {827E0CD3-B72D-47B6-A68D-7590B98EB39B}
		{1D7E47A2-1AE0-4401-BB93-C7046C163828} = {827E0CD3-B72D-47B6-A68D-7590B98EB39B}
		{6FDA2E66-97A3-40A8-A432-5CCBDDF86AAD} = {827E0CD3-B72D-47B6-A68D-7590B98EB39B}
		{7E107B96-65B5-44C9-9C86-0F6B61E5E89E} = {0AB3BF05-4346-4AA6-1389-037BE0695223}
		{6D6FCD57-6F5D-44F5-8920-0FB861D97E5C} = {0AB3BF05-4346-4AA6-1389-037BE0695223}
	EndGlobalSection
EndGlobal
